
Microsoft Visual Studio Solution File, Format Version 12.00
# Visual Studio Version 16
VisualStudioVersion = 16.0.30114.105
MinimumVisualStudioVersion = 10.0.40219.1
Project("{FAE04EC0-301F-11D3-BF4B-00C04F79EFBC}") = "PractiCode.Android", "PractiCode\PractiCode.Android\PractiCode.Android.csproj", "{D1A63685-BEFD-4F34-9104-531D3275B3A5}"
EndProject
Project("{FAE04EC0-301F-11D3-BF4B-00C04F79EFBC}") = "PractiCode.iOS", "PractiCode\PractiCode.iOS\PractiCode.iOS.csproj", "{CA6782C1-5436-46B0-AD80-FFAA24963BA2}"
EndProject
Project("{FAE04EC0-301F-11D3-BF4B-00C04F79EFBC}") = "PractiCode", "PractiCode\PractiCode\PractiCode.csproj", "{40BF33AF-6CE6-4CD3-A578-67D87D2842B9}"
EndProject
Global
	GlobalSection(SolutionConfigurationPlatforms) = preSolution
		Debug|Any CPU = Debug|Any CPU
		Debug|iPhone = Debug|iPhone
		Debug|iPhoneSimulator = Debug|iPhoneSimulator
		Release|Any CPU = Release|Any CPU
		Release|iPhone = Release|iPhone
		Release|iPhoneSimulator = Release|iPhoneSimulator
	EndGlobalSection
	GlobalSection(ProjectConfigurationPlatforms) = postSolution
		{D1A63685-BEFD-4F34-9104-531D3275B3A5}.Debug|Any CPU.ActiveCfg = Debug|Any CPU
		{D1A63685-BEFD-4F34-9104-531D3275B3A5}.Debug|Any CPU.Build.0 = Debug|Any CPU
		{D1A63685-BEFD-4F34-9104-531D3275B3A5}.Debug|Any CPU.Deploy.0 = Debug|Any CPU
		{D1A63685-BEFD-4F34-9104-531D3275B3A5}.Debug|iPhone.ActiveCfg = Debug|Any CPU
		{D1A63685-BEFD-4F34-9104-531D3275B3A5}.Debug|iPhone.Build.0 = Debug|Any CPU
		{D1A63685-BEFD-4F34-9104-531D3275B3A5}.Debug|iPhone.Deploy.0 = Debug|Any CPU
		{D1A63685-BEFD-4F34-9104-531D3275B3A5}.Debug|iPhoneSimulator.ActiveCfg = Debug|Any CPU
		{D1A63685-BEFD-4F34-9104-531D3275B3A5}.Debug|iPhoneSimulator.Build.0 = Debug|Any CPU
		{D1A63685-BEFD-4F34-9104-531D3275B3A5}.Debug|iPhoneSimulator.Deploy.0 = Debug|Any CPU
		{D1A63685-BEFD-4F34-9104-531D3275B3A5}.Release|Any CPU.ActiveCfg = Release|Any CPU
		{D1A63685-BEFD-4F34-9104-531D3275B3A5}.Release|Any CPU.Build.0 = Release|Any CPU
		{D1A63685-BEFD-4F34-9104-531D3275B3A5}.Release|Any CPU.Deploy.0 = Release|Any CPU
		{D1A63685-BEFD-4F34-9104-531D3275B3A5}.Release|iPhone.ActiveCfg = Release|Any CPU
		{D1A63685-BEFD-4F34-9104-531D3275B3A5}.Release|iPhone.Build.0 = Release|Any CPU
		{D1A63685-BEFD-4F34-9104-531D3275B3A5}.Release|iPhone.Deploy.0 = Release|Any CPU
		{D1A63685-BEFD-4F34-9104-531D3275B3A5}.Release|iPhoneSimulator.ActiveCfg = Release|Any CPU
		{D1A63685-BEFD-4F34-9104-531D3275B3A5}.Release|iPhoneSimulator.Build.0 = Release|Any CPU
		{D1A63685-BEFD-4F34-9104-531D3275B3A5}.Release|iPhoneSimulator.Deploy.0 = Release|Any CPU
		{CA6782C1-5436-46B0-AD80-FFAA24963BA2}.Debug|Any CPU.ActiveCfg = Debug|iPhone
		{CA6782C1-5436-46B0-AD80-FFAA24963BA2}.Debug|Any CPU.Build.0 = Debug|iPhone
		{CA6782C1-5436-46B0-AD80-FFAA24963BA2}.Debug|Any CPU.Deploy.0 = Debug|iPhone
		{CA6782C1-5436-46B0-AD80-FFAA24963BA2}.Debug|iPhone.ActiveCfg = Debug|iPhone
		{CA6782C1-5436-46B0-AD80-FFAA24963BA2}.Debug|iPhone.Build.0 = Debug|iPhone
		{CA6782C1-5436-46B0-AD80-FFAA24963BA2}.Debug|iPhone.Deploy.0 = Debug|iPhone
		{CA6782C1-5436-46B0-AD80-FFAA24963BA2}.Debug|iPhoneSimulator.ActiveCfg = Debug|iPhoneSimulator
		{CA6782C1-5436-46B0-AD80-FFAA24963BA2}.Debug|iPhoneSimulator.Build.0 = Debug|iPhoneSimulator
		{CA6782C1-5436-46B0-AD80-FFAA24963BA2}.Debug|iPhoneSimulator.Deploy.0 = Debug|iPhoneSimulator
		{CA6782C1-5436-46B0-AD80-FFAA24963BA2}.Release|Any CPU.ActiveCfg = Release|iPhone
		{CA6782C1-5436-46B0-AD80-FFAA24963BA2}.Release|Any CPU.Build.0 = Release|iPhone
		{CA6782C1-5436-46B0-AD80-FFAA24963BA2}.Release|Any CPU.Deploy.0 = Release|iPhone
		{CA6782C1-5436-46B0-AD80-FFAA24963BA2}.Release|iPhone.ActiveCfg = Release|iPhone
		{CA6782C1-5436-46B0-AD80-FFAA24963BA2}.Release|iPhone.Build.0 = Release|iPhone
		{CA6782C1-5436-46B0-AD80-FFAA24963BA2}.Release|iPhone.Deploy.0 = Release|iPhone
		{CA6782C1-5436-46B0-AD80-FFAA24963BA2}.Release|iPhoneSimulator.ActiveCfg = Release|iPhoneSimulator
		{CA6782C1-5436-46B0-AD80-FFAA24963BA2}.Release|iPhoneSimulator.Build.0 = Release|iPhoneSimulator
		{CA6782C1-5436-46B0-AD80-FFAA24963BA2}.Release|iPhoneSimulator.Deploy.0 = Release|iPhoneSimulator
		{40BF33AF-6CE6-4CD3-A578-67D87D2842B9}.Debug|Any CPU.ActiveCfg = Debug|Any CPU
		{40BF33AF-6CE6-4CD3-A578-67D87D2842B9}.Debug|Any CPU.Build.0 = Debug|Any CPU
		{40BF33AF-6CE6-4CD3-A578-67D87D2842B9}.Debug|Any CPU.Deploy.0 = Debug|Any CPU
		{40BF33AF-6CE6-4CD3-A578-67D87D2842B9}.Debug|iPhone.ActiveCfg = Debug|Any CPU
		{40BF33AF-6CE6-4CD3-A578-67D87D2842B9}.Debug|iPhone.Build.0 = Debug|Any CPU
		{40BF33AF-6CE6-4CD3-A578-67D87D2842B9}.Debug|iPhone.Deploy.0 = Debug|Any CPU
		{40BF33AF-6CE6-4CD3-A578-67D87D2842B9}.Debug|iPhoneSimulator.ActiveCfg = Debug|Any CPU
		{40BF33AF-6CE6-4CD3-A578-67D87D2842B9}.Debug|iPhoneSimulator.Build.0 = Debug|Any CPU
		{40BF33AF-6CE6-4CD3-A578-67D87D2842B9}.Debug|iPhoneSimulator.Deploy.0 = Debug|Any CPU
		{40BF33AF-6CE6-4CD3-A578-67D87D2842B9}.Release|Any CPU.ActiveCfg = Release|Any CPU
		{40BF33AF-6CE6-4CD3-A578-67D87D2842B9}.Release|Any CPU.Build.0 = Release|Any CPU
		{40BF33AF-6CE6-4CD3-A578-67D87D2842B9}.Release|Any CPU.Deploy.0 = Release|Any CPU
		{40BF33AF-6CE6-4CD3-A578-67D87D2842B9}.Release|iPhone.ActiveCfg = Release|Any CPU
		{40BF33AF-6CE6-4CD3-A578-67D87D2842B9}.Release|iPhone.Build.0 = Release|Any CPU
		{40BF33AF-6CE6-4CD3-A578-67D87D2842B9}.Release|iPhone.Deploy.0 = Release|Any CPU
		{40BF33AF-6CE6-4CD3-A578-67D87D2842B9}.Release|iPhoneSimulator.ActiveCfg = Release|Any CPU
		{40BF33AF-6CE6-4CD3-A578-67D87D2842B9}.Release|iPhoneSimulator.Build.0 = Release|Any CPU
		{40BF33AF-6CE6-4CD3-A578-67D87D2842B9}.Release|iPhoneSimulator.Deploy.0 = Release|Any CPU
	EndGlobalSection
	GlobalSection(SolutionProperties) = preSolution
		HideSolutionNode = FALSE
	EndGlobalSection
	GlobalSection(ExtensibilityGlobals) = postSolution
		SolutionGuid = {189FFBFF-EF8A-4C6B-81A1-2E710992C042}
	EndGlobalSection
EndGlobal
